// !$*UTF8*$!
{
	archiveVersion = 1;
	classes = {
	};
	objectVersion = 56;
	objects = {

/* Begin PBXBuildFile section */
		0639CA902ACDA4C200EE8CBF /* DetailRestaurantResponse.swift in Sources */ = {isa = PBXBuildFile; fileRef = 0639CA8F2ACDA4C200EE8CBF /* DetailRestaurantResponse.swift */; };
		0639CA922ACDA91E00EE8CBF /* DetailRestaurantModel.swift in Sources */ = {isa = PBXBuildFile; fileRef = 0639CA912ACDA91E00EE8CBF /* DetailRestaurantModel.swift */; };
		0639CA942ACDA9BE00EE8CBF /* CategoryModel.swift in Sources */ = {isa = PBXBuildFile; fileRef = 0639CA932ACDA9BE00EE8CBF /* CategoryModel.swift */; };
		0639CA962ACDA9C900EE8CBF /* MenusModel.swift in Sources */ = {isa = PBXBuildFile; fileRef = 0639CA952ACDA9C900EE8CBF /* MenusModel.swift */; };
		0639CA982ACDB2DB00EE8CBF /* DetailInteractor.swift in Sources */ = {isa = PBXBuildFile; fileRef = 0639CA972ACDB2DB00EE8CBF /* DetailInteractor.swift */; };
		0639CA9A2ACDB41000EE8CBF /* DetailPresenter.swift in Sources */ = {isa = PBXBuildFile; fileRef = 0639CA992ACDB41000EE8CBF /* DetailPresenter.swift */; };
		0639CA9E2ACDB97300EE8CBF /* DetailView.swift in Sources */ = {isa = PBXBuildFile; fileRef = 0639CA9D2ACDB97300EE8CBF /* DetailView.swift */; };
		0639CAA12ACFB43500EE8CBF /* CustomChipSection.swift in Sources */ = {isa = PBXBuildFile; fileRef = 0639CAA02ACFB43500EE8CBF /* CustomChipSection.swift */; };
		0639CAA32ACFB5FC00EE8CBF /* CustomChip.swift in Sources */ = {isa = PBXBuildFile; fileRef = 0639CAA22ACFB5FC00EE8CBF /* CustomChip.swift */; };
		0639CAA92AD03EBC00EE8CBF /* FavoriteRouter.swift in Sources */ = {isa = PBXBuildFile; fileRef = 0639CAA82AD03EBC00EE8CBF /* FavoriteRouter.swift */; };
		0639CAAB2AD03ECA00EE8CBF /* FavoritePresenter.swift in Sources */ = {isa = PBXBuildFile; fileRef = 0639CAAA2AD03ECA00EE8CBF /* FavoritePresenter.swift */; };
		0639CAAD2AD03ED500EE8CBF /* FavoriteView.swift in Sources */ = {isa = PBXBuildFile; fileRef = 0639CAAC2AD03ED500EE8CBF /* FavoriteView.swift */; };
		0639CAAF2AD0447300EE8CBF /* FavoriteInteractor.swift in Sources */ = {isa = PBXBuildFile; fileRef = 0639CAAE2AD0447300EE8CBF /* FavoriteInteractor.swift */; };
		0639CAB42AD1181300EE8CBF /* ProfileView.swift in Sources */ = {isa = PBXBuildFile; fileRef = 0639CAB32AD1181300EE8CBF /* ProfileView.swift */; };
		0639CAB62AD1232900EE8CBF /* CustomCardLinkProfile.swift in Sources */ = {isa = PBXBuildFile; fileRef = 0639CAB52AD1232900EE8CBF /* CustomCardLinkProfile.swift */; };
		0639CAB82AD6ED8800EE8CBF /* codemagic.yaml in Resources */ = {isa = PBXBuildFile; fileRef = 0639CAB72AD6ED8800EE8CBF /* codemagic.yaml */; };
		0639CAC22AD6F68200EE8CBF /* restaurant_clean_architectureTests.swift in Sources */ = {isa = PBXBuildFile; fileRef = 0639CAC12AD6F68200EE8CBF /* restaurant_clean_architectureTests.swift */; };
		0669A6EE2ACAF5F7006D2C18 /* restaurant_clean_architectureApp.swift in Sources */ = {isa = PBXBuildFile; fileRef = 0669A6ED2ACAF5F7006D2C18 /* restaurant_clean_architectureApp.swift */; };
		0669A6F02ACAF5F7006D2C18 /* ContentView.swift in Sources */ = {isa = PBXBuildFile; fileRef = 0669A6EF2ACAF5F7006D2C18 /* ContentView.swift */; };
		0669A6F22ACAF5F8006D2C18 /* Assets.xcassets in Resources */ = {isa = PBXBuildFile; fileRef = 0669A6F12ACAF5F8006D2C18 /* Assets.xcassets */; };
		0669A6F52ACAF5F8006D2C18 /* Preview Assets.xcassets in Resources */ = {isa = PBXBuildFile; fileRef = 0669A6F42ACAF5F8006D2C18 /* Preview Assets.xcassets */; };
		0669A7022ACAFB26006D2C18 /* Alamofire in Frameworks */ = {isa = PBXBuildFile; productRef = 0669A7012ACAFB26006D2C18 /* Alamofire */; };
		0669A7052ACB002E006D2C18 /* Realm in Frameworks */ = {isa = PBXBuildFile; productRef = 0669A7042ACB002E006D2C18 /* Realm */; };
		0669A7072ACB002E006D2C18 /* RealmSwift in Frameworks */ = {isa = PBXBuildFile; productRef = 0669A7062ACB002E006D2C18 /* RealmSwift */; };
		0669A7092ACB007F006D2C18 /* RestaurantEntity.swift in Sources */ = {isa = PBXBuildFile; fileRef = 0669A7082ACB007F006D2C18 /* RestaurantEntity.swift */; };
		0669A70B2ACB0178006D2C18 /* LocaleDataSource.swift in Sources */ = {isa = PBXBuildFile; fileRef = 0669A70A2ACB0178006D2C18 /* LocaleDataSource.swift */; };
		0669A70F2ACB05EF006D2C18 /* RestaurantsResponse.swift in Sources */ = {isa = PBXBuildFile; fileRef = 0669A70E2ACB05EF006D2C18 /* RestaurantsResponse.swift */; };
		0669A7112ACB07B8006D2C18 /* RemoteDataSource.swift in Sources */ = {isa = PBXBuildFile; fileRef = 0669A7102ACB07B8006D2C18 /* RemoteDataSource.swift */; };
		0669A7152ACB08B1006D2C18 /* APICall.swift in Sources */ = {isa = PBXBuildFile; fileRef = 0669A7142ACB08B1006D2C18 /* APICall.swift */; };
		0669A7172ACB0ADB006D2C18 /* RestaurantRepository.swift in Sources */ = {isa = PBXBuildFile; fileRef = 0669A7162ACB0ADB006D2C18 /* RestaurantRepository.swift */; };
		0669A71B2ACB0B45006D2C18 /* RestaurantModel.swift in Sources */ = {isa = PBXBuildFile; fileRef = 0669A71A2ACB0B45006D2C18 /* RestaurantModel.swift */; };
		0669A71E2ACB0CDF006D2C18 /* RestaurantMapper.swift in Sources */ = {isa = PBXBuildFile; fileRef = 0669A71D2ACB0CDF006D2C18 /* RestaurantMapper.swift */; };
		0669A7212ACB100D006D2C18 /* Injection.swift in Sources */ = {isa = PBXBuildFile; fileRef = 0669A7202ACB100C006D2C18 /* Injection.swift */; };
		0669A7242ACB9EC7006D2C18 /* HomeInteractor.swift in Sources */ = {isa = PBXBuildFile; fileRef = 0669A7232ACB9EC7006D2C18 /* HomeInteractor.swift */; };
		0669A72B2ACB9FCF006D2C18 /* HomePresenter.swift in Sources */ = {isa = PBXBuildFile; fileRef = 0669A72A2ACB9FCF006D2C18 /* HomePresenter.swift */; };
		0669A72D2ACB9FD7006D2C18 /* HomeRouter.swift in Sources */ = {isa = PBXBuildFile; fileRef = 0669A72C2ACB9FD7006D2C18 /* HomeRouter.swift */; };
		0669A72F2ACBA0B9006D2C18 /* HomeView.swift in Sources */ = {isa = PBXBuildFile; fileRef = 0669A72E2ACBA0B9006D2C18 /* HomeView.swift */; };
		0669A7312ACBA232006D2C18 /* RestaurantRow.swift in Sources */ = {isa = PBXBuildFile; fileRef = 0669A7302ACBA232006D2C18 /* RestaurantRow.swift */; };
		0669A7342ACC4DB0006D2C18 /* BaseError.swift in Sources */ = {isa = PBXBuildFile; fileRef = 0669A7332ACC4DB0006D2C18 /* BaseError.swift */; };
/* End PBXBuildFile section */

/* Begin PBXContainerItemProxy section */
		0639CAC32AD6F68200EE8CBF /* PBXContainerItemProxy */ = {
			isa = PBXContainerItemProxy;
			containerPortal = 0669A6E22ACAF5F7006D2C18 /* Project object */;
			proxyType = 1;
			remoteGlobalIDString = 0669A6E92ACAF5F7006D2C18;
			remoteInfo = "restaurant clean architecture";
		};
/* End PBXContainerItemProxy section */

/* Begin PBXFileReference section */
		0639CA8F2ACDA4C200EE8CBF /* DetailRestaurantResponse.swift */ = {isa = PBXFileReference; lastKnownFileType = sourcecode.swift; path = DetailRestaurantResponse.swift; sourceTree = "<group>"; };
		0639CA912ACDA91E00EE8CBF /* DetailRestaurantModel.swift */ = {isa = PBXFileReference; lastKnownFileType = sourcecode.swift; path = DetailRestaurantModel.swift; sourceTree = "<group>"; };
		0639CA932ACDA9BE00EE8CBF /* CategoryModel.swift */ = {isa = PBXFileReference; lastKnownFileType = sourcecode.swift; path = CategoryModel.swift; sourceTree = "<group>"; };
		0639CA952ACDA9C900EE8CBF /* MenusModel.swift */ = {isa = PBXFileReference; lastKnownFileType = sourcecode.swift; path = MenusModel.swift; sourceTree = "<group>"; };
		0639CA972ACDB2DB00EE8CBF /* DetailInteractor.swift */ = {isa = PBXFileReference; lastKnownFileType = sourcecode.swift; path = DetailInteractor.swift; sourceTree = "<group>"; };
		0639CA992ACDB41000EE8CBF /* DetailPresenter.swift */ = {isa = PBXFileReference; lastKnownFileType = sourcecode.swift; path = DetailPresenter.swift; sourceTree = "<group>"; };
		0639CA9D2ACDB97300EE8CBF /* DetailView.swift */ = {isa = PBXFileReference; lastKnownFileType = sourcecode.swift; path = DetailView.swift; sourceTree = "<group>"; };
		0639CAA02ACFB43500EE8CBF /* CustomChipSection.swift */ = {isa = PBXFileReference; lastKnownFileType = sourcecode.swift; path = CustomChipSection.swift; sourceTree = "<group>"; };
		0639CAA22ACFB5FC00EE8CBF /* CustomChip.swift */ = {isa = PBXFileReference; lastKnownFileType = sourcecode.swift; path = CustomChip.swift; sourceTree = "<group>"; };
		0639CAA82AD03EBC00EE8CBF /* FavoriteRouter.swift */ = {isa = PBXFileReference; lastKnownFileType = sourcecode.swift; path = FavoriteRouter.swift; sourceTree = "<group>"; };
		0639CAAA2AD03ECA00EE8CBF /* FavoritePresenter.swift */ = {isa = PBXFileReference; lastKnownFileType = sourcecode.swift; path = FavoritePresenter.swift; sourceTree = "<group>"; };
		0639CAAC2AD03ED500EE8CBF /* FavoriteView.swift */ = {isa = PBXFileReference; lastKnownFileType = sourcecode.swift; path = FavoriteView.swift; sourceTree = "<group>"; };
		0639CAAE2AD0447300EE8CBF /* FavoriteInteractor.swift */ = {isa = PBXFileReference; lastKnownFileType = sourcecode.swift; path = FavoriteInteractor.swift; sourceTree = "<group>"; };
		0639CAB32AD1181300EE8CBF /* ProfileView.swift */ = {isa = PBXFileReference; lastKnownFileType = sourcecode.swift; path = ProfileView.swift; sourceTree = "<group>"; };
		0639CAB52AD1232900EE8CBF /* CustomCardLinkProfile.swift */ = {isa = PBXFileReference; lastKnownFileType = sourcecode.swift; path = CustomCardLinkProfile.swift; sourceTree = "<group>"; };
		0639CAB72AD6ED8800EE8CBF /* codemagic.yaml */ = {isa = PBXFileReference; lastKnownFileType = text.yaml; path = codemagic.yaml; sourceTree = "<group>"; };
		0639CAB92AD6F1EA00EE8CBF /* restaurant clean architecture.xctestplan */ = {isa = PBXFileReference; lastKnownFileType = text; name = "restaurant clean architecture.xctestplan"; path = "../restaurant clean architecture.xctestplan"; sourceTree = "<group>"; };
		0639CABF2AD6F68200EE8CBF /* restaurant clean architectureTests.xctest */ = {isa = PBXFileReference; explicitFileType = wrapper.cfbundle; includeInIndex = 0; path = "restaurant clean architectureTests.xctest"; sourceTree = BUILT_PRODUCTS_DIR; };
		0639CAC12AD6F68200EE8CBF /* restaurant_clean_architectureTests.swift */ = {isa = PBXFileReference; lastKnownFileType = sourcecode.swift; path = restaurant_clean_architectureTests.swift; sourceTree = "<group>"; };
		0639CAC82AD6F86300EE8CBF /* restaurant clean architecture.xctestplan */ = {isa = PBXFileReference; lastKnownFileType = file; path = "restaurant clean architecture.xctestplan"; sourceTree = SOURCE_ROOT; };
		0669A6EA2ACAF5F7006D2C18 /* restaurant clean architecture.app */ = {isa = PBXFileReference; explicitFileType = wrapper.application; includeInIndex = 0; path = "restaurant clean architecture.app"; sourceTree = BUILT_PRODUCTS_DIR; };
		0669A6ED2ACAF5F7006D2C18 /* restaurant_clean_architectureApp.swift */ = {isa = PBXFileReference; lastKnownFileType = sourcecode.swift; path = restaurant_clean_architectureApp.swift; sourceTree = "<group>"; };
		0669A6EF2ACAF5F7006D2C18 /* ContentView.swift */ = {isa = PBXFileReference; lastKnownFileType = sourcecode.swift; path = ContentView.swift; sourceTree = "<group>"; };
		0669A6F12ACAF5F8006D2C18 /* Assets.xcassets */ = {isa = PBXFileReference; lastKnownFileType = folder.assetcatalog; path = Assets.xcassets; sourceTree = "<group>"; };
		0669A6F42ACAF5F8006D2C18 /* Preview Assets.xcassets */ = {isa = PBXFileReference; lastKnownFileType = folder.assetcatalog; path = "Preview Assets.xcassets"; sourceTree = "<group>"; };
		0669A7082ACB007F006D2C18 /* RestaurantEntity.swift */ = {isa = PBXFileReference; lastKnownFileType = sourcecode.swift; path = RestaurantEntity.swift; sourceTree = "<group>"; };
		0669A70A2ACB0178006D2C18 /* LocaleDataSource.swift */ = {isa = PBXFileReference; lastKnownFileType = sourcecode.swift; path = LocaleDataSource.swift; sourceTree = "<group>"; };
		0669A70E2ACB05EF006D2C18 /* RestaurantsResponse.swift */ = {isa = PBXFileReference; lastKnownFileType = sourcecode.swift; path = RestaurantsResponse.swift; sourceTree = "<group>"; };
		0669A7102ACB07B8006D2C18 /* RemoteDataSource.swift */ = {isa = PBXFileReference; lastKnownFileType = sourcecode.swift; path = RemoteDataSource.swift; sourceTree = "<group>"; };
		0669A7142ACB08B1006D2C18 /* APICall.swift */ = {isa = PBXFileReference; lastKnownFileType = sourcecode.swift; path = APICall.swift; sourceTree = "<group>"; };
		0669A7162ACB0ADB006D2C18 /* RestaurantRepository.swift */ = {isa = PBXFileReference; lastKnownFileType = sourcecode.swift; path = RestaurantRepository.swift; sourceTree = "<group>"; };
		0669A71A2ACB0B45006D2C18 /* RestaurantModel.swift */ = {isa = PBXFileReference; lastKnownFileType = sourcecode.swift; path = RestaurantModel.swift; sourceTree = "<group>"; };
		0669A71D2ACB0CDF006D2C18 /* RestaurantMapper.swift */ = {isa = PBXFileReference; lastKnownFileType = sourcecode.swift; path = RestaurantMapper.swift; sourceTree = "<group>"; };
		0669A7202ACB100C006D2C18 /* Injection.swift */ = {isa = PBXFileReference; lastKnownFileType = sourcecode.swift; path = Injection.swift; sourceTree = "<group>"; };
		0669A7232ACB9EC7006D2C18 /* HomeInteractor.swift */ = {isa = PBXFileReference; lastKnownFileType = sourcecode.swift; path = HomeInteractor.swift; sourceTree = "<group>"; };
		0669A72A2ACB9FCF006D2C18 /* HomePresenter.swift */ = {isa = PBXFileReference; lastKnownFileType = sourcecode.swift; path = HomePresenter.swift; sourceTree = "<group>"; };
		0669A72C2ACB9FD7006D2C18 /* HomeRouter.swift */ = {isa = PBXFileReference; lastKnownFileType = sourcecode.swift; path = HomeRouter.swift; sourceTree = "<group>"; };
		0669A72E2ACBA0B9006D2C18 /* HomeView.swift */ = {isa = PBXFileReference; lastKnownFileType = sourcecode.swift; path = HomeView.swift; sourceTree = "<group>"; };
		0669A7302ACBA232006D2C18 /* RestaurantRow.swift */ = {isa = PBXFileReference; lastKnownFileType = sourcecode.swift; path = RestaurantRow.swift; sourceTree = "<group>"; };
		0669A7332ACC4DB0006D2C18 /* BaseError.swift */ = {isa = PBXFileReference; lastKnownFileType = sourcecode.swift; path = BaseError.swift; sourceTree = "<group>"; };
/* End PBXFileReference section */

/* Begin PBXFrameworksBuildPhase section */
		0639CABC2AD6F68200EE8CBF /* Frameworks */ = {
			isa = PBXFrameworksBuildPhase;
			buildActionMask = 2147483647;
			files = (
			);
			runOnlyForDeploymentPostprocessing = 0;
		};
		0669A6E72ACAF5F7006D2C18 /* Frameworks */ = {
			isa = PBXFrameworksBuildPhase;
			buildActionMask = 2147483647;
			files = (
				0669A7072ACB002E006D2C18 /* RealmSwift in Frameworks */,
				0669A7052ACB002E006D2C18 /* Realm in Frameworks */,
				0669A7022ACAFB26006D2C18 /* Alamofire in Frameworks */,
			);
			runOnlyForDeploymentPostprocessing = 0;
		};
/* End PBXFrameworksBuildPhase section */

/* Begin PBXGroup section */
		0639CA8B2ACDA31A00EE8CBF /* Detail */ = {
			isa = PBXGroup;
			children = (
				0639CA8E2ACDA33400EE8CBF /* Presenter */,
				0639CA8C2ACDA32700EE8CBF /* View */,
			);
			path = Detail;
			sourceTree = "<group>";
		};
		0639CA8C2ACDA32700EE8CBF /* View */ = {
			isa = PBXGroup;
			children = (
				0639CA9D2ACDB97300EE8CBF /* DetailView.swift */,
			);
			path = View;
			sourceTree = "<group>";
		};
		0639CA8E2ACDA33400EE8CBF /* Presenter */ = {
			isa = PBXGroup;
			children = (
				0639CA992ACDB41000EE8CBF /* DetailPresenter.swift */,
			);
			path = Presenter;
			sourceTree = "<group>";
		};
		0639CA9F2ACFB3D400EE8CBF /* View */ = {
			isa = PBXGroup;
			children = (
				0639CAA02ACFB43500EE8CBF /* CustomChipSection.swift */,
				0639CAA22ACFB5FC00EE8CBF /* CustomChip.swift */,
				0639CAB52AD1232900EE8CBF /* CustomCardLinkProfile.swift */,
			);
			path = View;
			sourceTree = "<group>";
		};
		0639CAA42AD03E7100EE8CBF /* Favorite */ = {
			isa = PBXGroup;
			children = (
				0639CAA72AD03E8F00EE8CBF /* Router */,
				0639CAA62AD03E8700EE8CBF /* Presenter */,
				0639CAA52AD03E7C00EE8CBF /* View */,
			);
			path = Favorite;
			sourceTree = "<group>";
		};
		0639CAA52AD03E7C00EE8CBF /* View */ = {
			isa = PBXGroup;
			children = (
				0639CAAC2AD03ED500EE8CBF /* FavoriteView.swift */,
			);
			path = View;
			sourceTree = "<group>";
		};
		0639CAA62AD03E8700EE8CBF /* Presenter */ = {
			isa = PBXGroup;
			children = (
				0639CAAA2AD03ECA00EE8CBF /* FavoritePresenter.swift */,
			);
			path = Presenter;
			sourceTree = "<group>";
		};
		0639CAA72AD03E8F00EE8CBF /* Router */ = {
			isa = PBXGroup;
			children = (
				0639CAA82AD03EBC00EE8CBF /* FavoriteRouter.swift */,
			);
			path = Router;
			sourceTree = "<group>";
		};
		0639CAB02AD1179600EE8CBF /* Profile */ = {
			isa = PBXGroup;
			children = (
				0639CAB22AD117AB00EE8CBF /* View */,
			);
			path = Profile;
			sourceTree = "<group>";
		};
		0639CAB22AD117AB00EE8CBF /* View */ = {
			isa = PBXGroup;
			children = (
				0639CAB32AD1181300EE8CBF /* ProfileView.swift */,
			);
			path = View;
			sourceTree = "<group>";
		};
		0639CAC02AD6F68200EE8CBF /* restaurant clean architectureTests */ = {
			isa = PBXGroup;
			children = (
				0639CAC12AD6F68200EE8CBF /* restaurant_clean_architectureTests.swift */,
				0639CAC82AD6F86300EE8CBF /* restaurant clean architecture.xctestplan */,
			);
			path = "restaurant clean architectureTests";
			sourceTree = "<group>";
		};
		0669A6E12ACAF5F7006D2C18 = {
			isa = PBXGroup;
			children = (
				0639CAB92AD6F1EA00EE8CBF /* restaurant clean architecture.xctestplan */,
				0639CAB72AD6ED8800EE8CBF /* codemagic.yaml */,
				0669A6EC2ACAF5F7006D2C18 /* restaurant clean architecture */,
				0639CAC02AD6F68200EE8CBF /* restaurant clean architectureTests */,
				0669A6EB2ACAF5F7006D2C18 /* Products */,
			);
			sourceTree = "<group>";
		};
		0669A6EB2ACAF5F7006D2C18 /* Products */ = {
			isa = PBXGroup;
			children = (
				0669A6EA2ACAF5F7006D2C18 /* restaurant clean architecture.app */,
				0639CABF2AD6F68200EE8CBF /* restaurant clean architectureTests.xctest */,
			);
			name = Products;
			sourceTree = "<group>";
		};
		0669A6EC2ACAF5F7006D2C18 /* restaurant clean architecture */ = {
			isa = PBXGroup;
			children = (
				0669A7252ACB9F8E006D2C18 /* Module */,
				0669A6FC2ACAF9A8006D2C18 /* Core */,
				0669A6FB2ACAF654006D2C18 /* App */,
				0669A6F12ACAF5F8006D2C18 /* Assets.xcassets */,
				0669A6F32ACAF5F8006D2C18 /* Preview Content */,
			);
			path = "restaurant clean architecture";
			sourceTree = "<group>";
		};
		0669A6F32ACAF5F8006D2C18 /* Preview Content */ = {
			isa = PBXGroup;
			children = (
				0669A6F42ACAF5F8006D2C18 /* Preview Assets.xcassets */,
			);
			path = "Preview Content";
			sourceTree = "<group>";
		};
		0669A6FB2ACAF654006D2C18 /* App */ = {
			isa = PBXGroup;
			children = (
				0669A6ED2ACAF5F7006D2C18 /* restaurant_clean_architectureApp.swift */,
				0669A6EF2ACAF5F7006D2C18 /* ContentView.swift */,
			);
			path = App;
			sourceTree = "<group>";
		};
		0669A6FC2ACAF9A8006D2C18 /* Core */ = {
			isa = PBXGroup;
			children = (
				0669A71F2ACB1003006D2C18 /* DI */,
				0669A7182ACB0B24006D2C18 /* Domain */,
				0669A7122ACB0870006D2C18 /* Utils */,
				0669A6FD2ACAF9B1006D2C18 /* Data */,
			);
			path = Core;
			sourceTree = "<group>";
		};
		0669A6FD2ACAF9B1006D2C18 /* Data */ = {
			isa = PBXGroup;
			children = (
				0669A70C2ACB05C7006D2C18 /* Remote */,
				0669A6FE2ACAF9B9006D2C18 /* Locale */,
				0669A7162ACB0ADB006D2C18 /* RestaurantRepository.swift */,
			);
			path = Data;
			sourceTree = "<group>";
		};
		0669A6FE2ACAF9B9006D2C18 /* Locale */ = {
			isa = PBXGroup;
			children = (
				0669A6FF2ACAF9C1006D2C18 /* Entity */,
				0669A70A2ACB0178006D2C18 /* LocaleDataSource.swift */,
			);
			path = Locale;
			sourceTree = "<group>";
		};
		0669A6FF2ACAF9C1006D2C18 /* Entity */ = {
			isa = PBXGroup;
			children = (
				0669A7082ACB007F006D2C18 /* RestaurantEntity.swift */,
			);
			path = Entity;
			sourceTree = "<group>";
		};
		0669A70C2ACB05C7006D2C18 /* Remote */ = {
			isa = PBXGroup;
			children = (
				0669A70D2ACB05D0006D2C18 /* Response */,
				0669A7102ACB07B8006D2C18 /* RemoteDataSource.swift */,
			);
			path = Remote;
			sourceTree = "<group>";
		};
		0669A70D2ACB05D0006D2C18 /* Response */ = {
			isa = PBXGroup;
			children = (
				0669A70E2ACB05EF006D2C18 /* RestaurantsResponse.swift */,
				0639CA8F2ACDA4C200EE8CBF /* DetailRestaurantResponse.swift */,
			);
			path = Response;
			sourceTree = "<group>";
		};
		0669A7122ACB0870006D2C18 /* Utils */ = {
			isa = PBXGroup;
			children = (
				0639CA9F2ACFB3D400EE8CBF /* View */,
				0669A7322ACC4D8E006D2C18 /* Extensions */,
				0669A71C2ACB0CCD006D2C18 /* Mapper */,
				0669A7132ACB08A2006D2C18 /* Network */,
			);
			path = Utils;
			sourceTree = "<group>";
		};
		0669A7132ACB08A2006D2C18 /* Network */ = {
			isa = PBXGroup;
			children = (
				0669A7142ACB08B1006D2C18 /* APICall.swift */,
			);
			path = Network;
			sourceTree = "<group>";
		};
		0669A7182ACB0B24006D2C18 /* Domain */ = {
			isa = PBXGroup;
			children = (
				0669A7222ACB9EAE006D2C18 /* UseCase */,
				0669A7192ACB0B32006D2C18 /* Model */,
			);
			path = Domain;
			sourceTree = "<group>";
		};
		0669A7192ACB0B32006D2C18 /* Model */ = {
			isa = PBXGroup;
			children = (
				0669A71A2ACB0B45006D2C18 /* RestaurantModel.swift */,
				0639CA912ACDA91E00EE8CBF /* DetailRestaurantModel.swift */,
				0639CA932ACDA9BE00EE8CBF /* CategoryModel.swift */,
				0639CA952ACDA9C900EE8CBF /* MenusModel.swift */,
			);
			path = Model;
			sourceTree = "<group>";
		};
		0669A71C2ACB0CCD006D2C18 /* Mapper */ = {
			isa = PBXGroup;
			children = (
				0669A71D2ACB0CDF006D2C18 /* RestaurantMapper.swift */,
			);
			path = Mapper;
			sourceTree = "<group>";
		};
		0669A71F2ACB1003006D2C18 /* DI */ = {
			isa = PBXGroup;
			children = (
				0669A7202ACB100C006D2C18 /* Injection.swift */,
			);
			path = DI;
			sourceTree = "<group>";
		};
		0669A7222ACB9EAE006D2C18 /* UseCase */ = {
			isa = PBXGroup;
			children = (
				0669A7232ACB9EC7006D2C18 /* HomeInteractor.swift */,
				0639CA972ACDB2DB00EE8CBF /* DetailInteractor.swift */,
				0639CAAE2AD0447300EE8CBF /* FavoriteInteractor.swift */,
			);
			path = UseCase;
			sourceTree = "<group>";
		};
		0669A7252ACB9F8E006D2C18 /* Module */ = {
			isa = PBXGroup;
			children = (
				0639CAB02AD1179600EE8CBF /* Profile */,
				0639CAA42AD03E7100EE8CBF /* Favorite */,
				0639CA8B2ACDA31A00EE8CBF /* Detail */,
				0669A7262ACB9F96006D2C18 /* Home */,
			);
			path = Module;
			sourceTree = "<group>";
		};
		0669A7262ACB9F96006D2C18 /* Home */ = {
			isa = PBXGroup;
			children = (
				0669A7292ACB9FB2006D2C18 /* Presenter */,
				0669A7282ACB9FAB006D2C18 /* Router */,
				0669A7272ACB9FA5006D2C18 /* View */,
			);
			path = Home;
			sourceTree = "<group>";
		};
		0669A7272ACB9FA5006D2C18 /* View */ = {
			isa = PBXGroup;
			children = (
				0669A72E2ACBA0B9006D2C18 /* HomeView.swift */,
				0669A7302ACBA232006D2C18 /* RestaurantRow.swift */,
			);
			path = View;
			sourceTree = "<group>";
		};
		0669A7282ACB9FAB006D2C18 /* Router */ = {
			isa = PBXGroup;
			children = (
				0669A72C2ACB9FD7006D2C18 /* HomeRouter.swift */,
			);
			path = Router;
			sourceTree = "<group>";
		};
		0669A7292ACB9FB2006D2C18 /* Presenter */ = {
			isa = PBXGroup;
			children = (
				0669A72A2ACB9FCF006D2C18 /* HomePresenter.swift */,
			);
			path = Presenter;
			sourceTree = "<group>";
		};
		0669A7322ACC4D8E006D2C18 /* Extensions */ = {
			isa = PBXGroup;
			children = (
				0669A7332ACC4DB0006D2C18 /* BaseError.swift */,
			);
			path = Extensions;
			sourceTree = "<group>";
		};
/* End PBXGroup section */

/* Begin PBXNativeTarget section */
		0639CABE2AD6F68200EE8CBF /* restaurant clean architectureTests */ = {
			isa = PBXNativeTarget;
			buildConfigurationList = 0639CAC52AD6F68200EE8CBF /* Build configuration list for PBXNativeTarget "restaurant clean architectureTests" */;
			buildPhases = (
				0639CABB2AD6F68200EE8CBF /* Sources */,
				0639CABC2AD6F68200EE8CBF /* Frameworks */,
				0639CABD2AD6F68200EE8CBF /* Resources */,
			);
			buildRules = (
			);
			dependencies = (
				0639CAC42AD6F68200EE8CBF /* PBXTargetDependency */,
			);
			name = "restaurant clean architectureTests";
			productName = "restaurant clean architectureTests";
			productReference = 0639CABF2AD6F68200EE8CBF /* restaurant clean architectureTests.xctest */;
			productType = "com.apple.product-type.bundle.unit-test";
		};
		0669A6E92ACAF5F7006D2C18 /* restaurant clean architecture */ = {
			isa = PBXNativeTarget;
			buildConfigurationList = 0669A6F82ACAF5F8006D2C18 /* Build configuration list for PBXNativeTarget "restaurant clean architecture" */;
			buildPhases = (
				0669A6E62ACAF5F7006D2C18 /* Sources */,
				0669A6E72ACAF5F7006D2C18 /* Frameworks */,
				0669A6E82ACAF5F7006D2C18 /* Resources */,
			);
			buildRules = (
			);
			dependencies = (
			);
			name = "restaurant clean architecture";
			packageProductDependencies = (
				0669A7012ACAFB26006D2C18 /* Alamofire */,
				0669A7042ACB002E006D2C18 /* Realm */,
				0669A7062ACB002E006D2C18 /* RealmSwift */,
			);
			productName = "restaurant clean architecture";
			productReference = 0669A6EA2ACAF5F7006D2C18 /* restaurant clean architecture.app */;
			productType = "com.apple.product-type.application";
		};
/* End PBXNativeTarget section */

/* Begin PBXProject section */
		0669A6E22ACAF5F7006D2C18 /* Project object */ = {
			isa = PBXProject;
			attributes = {
				BuildIndependentTargetsInParallel = 1;
				KnownAssetTags = (
					New,
				);
				LastSwiftUpdateCheck = 1430;
				LastUpgradeCheck = 1430;
				TargetAttributes = {
					0639CABE2AD6F68200EE8CBF = {
						CreatedOnToolsVersion = 14.3.1;
						TestTargetID = 0669A6E92ACAF5F7006D2C18;
					};
					0669A6E92ACAF5F7006D2C18 = {
						CreatedOnToolsVersion = 14.3.1;
					};
				};
			};
			buildConfigurationList = 0669A6E52ACAF5F7006D2C18 /* Build configuration list for PBXProject "restaurant clean architecture" */;
			compatibilityVersion = "Xcode 14.0";
			developmentRegion = en;
			hasScannedForEncodings = 0;
			knownRegions = (
				en,
				Base,
			);
			mainGroup = 0669A6E12ACAF5F7006D2C18;
			packageReferences = (
				0669A7002ACAFB26006D2C18 /* XCRemoteSwiftPackageReference "Alamofire" */,
				0669A7032ACB002E006D2C18 /* XCRemoteSwiftPackageReference "realm-swift" */,
			);
			productRefGroup = 0669A6EB2ACAF5F7006D2C18 /* Products */;
			projectDirPath = "";
			projectRoot = "";
			targets = (
				0669A6E92ACAF5F7006D2C18 /* restaurant clean architecture */,
				0639CABE2AD6F68200EE8CBF /* restaurant clean architectureTests */,
			);
		};
/* End PBXProject section */

/* Begin PBXResourcesBuildPhase section */
		0639CABD2AD6F68200EE8CBF /* Resources */ = {
			isa = PBXResourcesBuildPhase;
			buildActionMask = 2147483647;
			files = (
			);
			runOnlyForDeploymentPostprocessing = 0;
		};
		0669A6E82ACAF5F7006D2C18 /* Resources */ = {
			isa = PBXResourcesBuildPhase;
			buildActionMask = 2147483647;
			files = (
				0639CAB82AD6ED8800EE8CBF /* codemagic.yaml in Resources */,
				0669A6F52ACAF5F8006D2C18 /* Preview Assets.xcassets in Resources */,
				0669A6F22ACAF5F8006D2C18 /* Assets.xcassets in Resources */,
			);
			runOnlyForDeploymentPostprocessing = 0;
		};
/* End PBXResourcesBuildPhase section */

/* Begin PBXSourcesBuildPhase section */
		0639CABB2AD6F68200EE8CBF /* Sources */ = {
			isa = PBXSourcesBuildPhase;
			buildActionMask = 2147483647;
			files = (
				0639CAC22AD6F68200EE8CBF /* restaurant_clean_architectureTests.swift in Sources */,
			);
			runOnlyForDeploymentPostprocessing = 0;
		};
		0669A6E62ACAF5F7006D2C18 /* Sources */ = {
			isa = PBXSourcesBuildPhase;
			buildActionMask = 2147483647;
			files = (
				0669A7342ACC4DB0006D2C18 /* BaseError.swift in Sources */,
				0639CA9E2ACDB97300EE8CBF /* DetailView.swift in Sources */,
				0639CA982ACDB2DB00EE8CBF /* DetailInteractor.swift in Sources */,
				0669A70F2ACB05EF006D2C18 /* RestaurantsResponse.swift in Sources */,
				0669A71B2ACB0B45006D2C18 /* RestaurantModel.swift in Sources */,
				0669A7212ACB100D006D2C18 /* Injection.swift in Sources */,
				0639CAAB2AD03ECA00EE8CBF /* FavoritePresenter.swift in Sources */,
				0669A72F2ACBA0B9006D2C18 /* HomeView.swift in Sources */,
				0669A7242ACB9EC7006D2C18 /* HomeInteractor.swift in Sources */,
				0639CA922ACDA91E00EE8CBF /* DetailRestaurantModel.swift in Sources */,
				0639CAB62AD1232900EE8CBF /* CustomCardLinkProfile.swift in Sources */,
				0669A70B2ACB0178006D2C18 /* LocaleDataSource.swift in Sources */,
				0639CAA32ACFB5FC00EE8CBF /* CustomChip.swift in Sources */,
				0639CAA12ACFB43500EE8CBF /* CustomChipSection.swift in Sources */,
				0669A6F02ACAF5F7006D2C18 /* ContentView.swift in Sources */,
				0669A7092ACB007F006D2C18 /* RestaurantEntity.swift in Sources */,
				0669A7112ACB07B8006D2C18 /* RemoteDataSource.swift in Sources */,
				0639CA902ACDA4C200EE8CBF /* DetailRestaurantResponse.swift in Sources */,
				0669A7152ACB08B1006D2C18 /* APICall.swift in Sources */,
				0639CAB42AD1181300EE8CBF /* ProfileView.swift in Sources */,
				0639CA942ACDA9BE00EE8CBF /* CategoryModel.swift in Sources */,
				0669A72D2ACB9FD7006D2C18 /* HomeRouter.swift in Sources */,
				0639CA9A2ACDB41000EE8CBF /* DetailPresenter.swift in Sources */,
				0669A72B2ACB9FCF006D2C18 /* HomePresenter.swift in Sources */,
				0669A71E2ACB0CDF006D2C18 /* RestaurantMapper.swift in Sources */,
				0639CAAD2AD03ED500EE8CBF /* FavoriteView.swift in Sources */,
				0669A7172ACB0ADB006D2C18 /* RestaurantRepository.swift in Sources */,
				0639CAA92AD03EBC00EE8CBF /* FavoriteRouter.swift in Sources */,
				0639CAAF2AD0447300EE8CBF /* FavoriteInteractor.swift in Sources */,
				0669A6EE2ACAF5F7006D2C18 /* restaurant_clean_architectureApp.swift in Sources */,
				0639CA962ACDA9C900EE8CBF /* MenusModel.swift in Sources */,
				0669A7312ACBA232006D2C18 /* RestaurantRow.swift in Sources */,
			);
			runOnlyForDeploymentPostprocessing = 0;
		};
/* End PBXSourcesBuildPhase section */

/* Begin PBXTargetDependency section */
		0639CAC42AD6F68200EE8CBF /* PBXTargetDependency */ = {
			isa = PBXTargetDependency;
			target = 0669A6E92ACAF5F7006D2C18 /* restaurant clean architecture */;
			targetProxy = 0639CAC32AD6F68200EE8CBF /* PBXContainerItemProxy */;
		};
/* End PBXTargetDependency section */

/* Begin XCBuildConfiguration section */
		0639CAC62AD6F68200EE8CBF /* Debug */ = {
			isa = XCBuildConfiguration;
			buildSettings = {
				BUNDLE_LOADER = "$(TEST_HOST)";
				CODE_SIGN_STYLE = Automatic;
				CURRENT_PROJECT_VERSION = 1;
				GENERATE_INFOPLIST_FILE = YES;
				MARKETING_VERSION = 1.0;
				PRODUCT_BUNDLE_IDENTIFIER = "com.submission.restaurant-clean-architectureTests";
				PRODUCT_NAME = "$(TARGET_NAME)";
				SWIFT_EMIT_LOC_STRINGS = NO;
				SWIFT_VERSION = 5.0;
				TARGETED_DEVICE_FAMILY = "1,2";
				TEST_HOST = "$(BUILT_PRODUCTS_DIR)/restaurant clean architecture.app/$(BUNDLE_EXECUTABLE_FOLDER_PATH)/restaurant clean architecture";
			};
			name = Debug;
		};
		0639CAC72AD6F68200EE8CBF /* Release */ = {
			isa = XCBuildConfiguration;
			buildSettings = {
				BUNDLE_LOADER = "$(TEST_HOST)";
				CODE_SIGN_STYLE = Automatic;
				CURRENT_PROJECT_VERSION = 1;
				GENERATE_INFOPLIST_FILE = YES;
				MARKETING_VERSION = 1.0;
				PRODUCT_BUNDLE_IDENTIFIER = "com.submission.restaurant-clean-architectureTests";
				PRODUCT_NAME = "$(TARGET_NAME)";
				SWIFT_EMIT_LOC_STRINGS = NO;
				SWIFT_VERSION = 5.0;
				TARGETED_DEVICE_FAMILY = "1,2";
				TEST_HOST = "$(BUILT_PRODUCTS_DIR)/restaurant clean architecture.app/$(BUNDLE_EXECUTABLE_FOLDER_PATH)/restaurant clean architecture";
			};
			name = Release;
		};
		0669A6F62ACAF5F8006D2C18 /* Debug */ = {
			isa = XCBuildConfiguration;
			buildSettings = {
				ALWAYS_SEARCH_USER_PATHS = NO;
				CLANG_ANALYZER_NONNULL = YES;
				CLANG_ANALYZER_NUMBER_OBJECT_CONVERSION = YES_AGGRESSIVE;
				CLANG_CXX_LANGUAGE_STANDARD = "gnu++20";
				CLANG_ENABLE_MODULES = YES;
				CLANG_ENABLE_OBJC_ARC = YES;
				CLANG_ENABLE_OBJC_WEAK = YES;
				CLANG_WARN_BLOCK_CAPTURE_AUTORELEASING = YES;
				CLANG_WARN_BOOL_CONVERSION = YES;
				CLANG_WARN_COMMA = YES;
				CLANG_WARN_CONSTANT_CONVERSION = YES;
				CLANG_WARN_DEPRECATED_OBJC_IMPLEMENTATIONS = YES;
				CLANG_WARN_DIRECT_OBJC_ISA_USAGE = YES_ERROR;
				CLANG_WARN_DOCUMENTATION_COMMENTS = YES;
				CLANG_WARN_EMPTY_BODY = YES;
				CLANG_WARN_ENUM_CONVERSION = YES;
				CLANG_WARN_INFINITE_RECURSION = YES;
				CLANG_WARN_INT_CONVERSION = YES;
				CLANG_WARN_NON_LITERAL_NULL_CONVERSION = YES;
				CLANG_WARN_OBJC_IMPLICIT_RETAIN_SELF = YES;
				CLANG_WARN_OBJC_LITERAL_CONVERSION = YES;
				CLANG_WARN_OBJC_ROOT_CLASS = YES_ERROR;
				CLANG_WARN_QUOTED_INCLUDE_IN_FRAMEWORK_HEADER = YES;
				CLANG_WARN_RANGE_LOOP_ANALYSIS = YES;
				CLANG_WARN_STRICT_PROTOTYPES = YES;
				CLANG_WARN_SUSPICIOUS_MOVE = YES;
				CLANG_WARN_UNGUARDED_AVAILABILITY = YES_AGGRESSIVE;
				CLANG_WARN_UNREACHABLE_CODE = YES;
				CLANG_WARN__DUPLICATE_METHOD_MATCH = YES;
				COPY_PHASE_STRIP = NO;
				DEBUG_INFORMATION_FORMAT = dwarf;
				ENABLE_STRICT_OBJC_MSGSEND = YES;
				ENABLE_TESTABILITY = YES;
				GCC_C_LANGUAGE_STANDARD = gnu11;
				GCC_DYNAMIC_NO_PIC = NO;
				GCC_NO_COMMON_BLOCKS = YES;
				GCC_OPTIMIZATION_LEVEL = 0;
				GCC_PREPROCESSOR_DEFINITIONS = (
					"DEBUG=1",
					"$(inherited)",
				);
				GCC_WARN_64_TO_32_BIT_CONVERSION = YES;
				GCC_WARN_ABOUT_RETURN_TYPE = YES_ERROR;
				GCC_WARN_UNDECLARED_SELECTOR = YES;
				GCC_WARN_UNINITIALIZED_AUTOS = YES_AGGRESSIVE;
				GCC_WARN_UNUSED_FUNCTION = YES;
				GCC_WARN_UNUSED_VARIABLE = YES;
				IPHONEOS_DEPLOYMENT_TARGET = 16.4;
				MTL_ENABLE_DEBUG_INFO = INCLUDE_SOURCE;
				MTL_FAST_MATH = YES;
				ONLY_ACTIVE_ARCH = YES;
				SDKROOT = iphoneos;
				SWIFT_ACTIVE_COMPILATION_CONDITIONS = DEBUG;
				SWIFT_OPTIMIZATION_LEVEL = "-Onone";
			};
			name = Debug;
		};
		0669A6F72ACAF5F8006D2C18 /* Release */ = {
			isa = XCBuildConfiguration;
			buildSettings = {
				ALWAYS_SEARCH_USER_PATHS = NO;
				CLANG_ANALYZER_NONNULL = YES;
				CLANG_ANALYZER_NUMBER_OBJECT_CONVERSION = YES_AGGRESSIVE;
				CLANG_CXX_LANGUAGE_STANDARD = "gnu++20";
				CLANG_ENABLE_MODULES = YES;
				CLANG_ENABLE_OBJC_ARC = YES;
				CLANG_ENABLE_OBJC_WEAK = YES;
				CLANG_WARN_BLOCK_CAPTURE_AUTORELEASING = YES;
				CLANG_WARN_BOOL_CONVERSION = YES;
				CLANG_WARN_COMMA = YES;
				CLANG_WARN_CONSTANT_CONVERSION = YES;
				CLANG_WARN_DEPRECATED_OBJC_IMPLEMENTATIONS = YES;
				CLANG_WARN_DIRECT_OBJC_ISA_USAGE = YES_ERROR;
				CLANG_WARN_DOCUMENTATION_COMMENTS = YES;
				CLANG_WARN_EMPTY_BODY = YES;
				CLANG_WARN_ENUM_CONVERSION = YES;
				CLANG_WARN_INFINITE_RECURSION = YES;
				CLANG_WARN_INT_CONVERSION = YES;
				CLANG_WARN_NON_LITERAL_NULL_CONVERSION = YES;
				CLANG_WARN_OBJC_IMPLICIT_RETAIN_SELF = YES;
				CLANG_WARN_OBJC_LITERAL_CONVERSION = YES;
				CLANG_WARN_OBJC_ROOT_CLASS = YES_ERROR;
				CLANG_WARN_QUOTED_INCLUDE_IN_FRAMEWORK_HEADER = YES;
				CLANG_WARN_RANGE_LOOP_ANALYSIS = YES;
				CLANG_WARN_STRICT_PROTOTYPES = YES;
				CLANG_WARN_SUSPICIOUS_MOVE = YES;
				CLANG_WARN_UNGUARDED_AVAILABILITY = YES_AGGRESSIVE;
				CLANG_WARN_UNREACHABLE_CODE = YES;
				CLANG_WARN__DUPLICATE_METHOD_MATCH = YES;
				COPY_PHASE_STRIP = NO;
				DEBUG_INFORMATION_FORMAT = "dwarf-with-dsym";
				ENABLE_NS_ASSERTIONS = NO;
				ENABLE_STRICT_OBJC_MSGSEND = YES;
				GCC_C_LANGUAGE_STANDARD = gnu11;
				GCC_NO_COMMON_BLOCKS = YES;
				GCC_WARN_64_TO_32_BIT_CONVERSION = YES;
				GCC_WARN_ABOUT_RETURN_TYPE = YES_ERROR;
				GCC_WARN_UNDECLARED_SELECTOR = YES;
				GCC_WARN_UNINITIALIZED_AUTOS = YES_AGGRESSIVE;
				GCC_WARN_UNUSED_FUNCTION = YES;
				GCC_WARN_UNUSED_VARIABLE = YES;
				IPHONEOS_DEPLOYMENT_TARGET = 16.4;
				MTL_ENABLE_DEBUG_INFO = NO;
				MTL_FAST_MATH = YES;
				SDKROOT = iphoneos;
				SWIFT_COMPILATION_MODE = wholemodule;
				SWIFT_OPTIMIZATION_LEVEL = "-O";
				VALIDATE_PRODUCT = YES;
			};
			name = Release;
		};
		0669A6F92ACAF5F8006D2C18 /* Debug */ = {
			isa = XCBuildConfiguration;
			buildSettings = {
				ASSETCATALOG_COMPILER_APPICON_NAME = AppIcon;
				ASSETCATALOG_COMPILER_GLOBAL_ACCENT_COLOR_NAME = AccentColor;
				CODE_SIGN_STYLE = Automatic;
				CURRENT_PROJECT_VERSION = 1;
				DEVELOPMENT_ASSET_PATHS = "\"restaurant clean architecture/Preview Content\"";
				ENABLE_PREVIEWS = YES;
				GENERATE_INFOPLIST_FILE = YES;
				INFOPLIST_KEY_UIApplicationSceneManifest_Generation = YES;
				INFOPLIST_KEY_UIApplicationSupportsIndirectInputEvents = YES;
				INFOPLIST_KEY_UILaunchScreen_Generation = YES;
				INFOPLIST_KEY_UISupportedInterfaceOrientations_iPad = "UIInterfaceOrientationPortrait UIInterfaceOrientationPortraitUpsideDown UIInterfaceOrientationLandscapeLeft UIInterfaceOrientationLandscapeRight";
				INFOPLIST_KEY_UISupportedInterfaceOrientations_iPhone = "UIInterfaceOrientationPortrait UIInterfaceOrientationLandscapeLeft UIInterfaceOrientationLandscapeRight";
				LD_RUNPATH_SEARCH_PATHS = (
					"$(inherited)",
					"@executable_path/Frameworks",
				);
				MARKETING_VERSION = 1.0;
				PRODUCT_BUNDLE_IDENTIFIER = "com.submission.restaurant-clean-architecture";
				PRODUCT_NAME = "$(TARGET_NAME)";
				SWIFT_EMIT_LOC_STRINGS = YES;
				SWIFT_VERSION = 5.0;
				TARGETED_DEVICE_FAMILY = "1,2";
			};
			name = Debug;
		};
		0669A6FA2ACAF5F8006D2C18 /* Release */ = {
			isa = XCBuildConfiguration;
			buildSettings = {
				ASSETCATALOG_COMPILER_APPICON_NAME = AppIcon;
				ASSETCATALOG_COMPILER_GLOBAL_ACCENT_COLOR_NAME = AccentColor;
				CODE_SIGN_STYLE = Automatic;
				CURRENT_PROJECT_VERSION = 1;
				DEVELOPMENT_ASSET_PATHS = "\"restaurant clean architecture/Preview Content\"";
				ENABLE_PREVIEWS = YES;
				GENERATE_INFOPLIST_FILE = YES;
				INFOPLIST_KEY_UIApplicationSceneManifest_Generation = YES;
				INFOPLIST_KEY_UIApplicationSupportsIndirectInputEvents = YES;
				INFOPLIST_KEY_UILaunchScreen_Generation = YES;
				INFOPLIST_KEY_UISupportedInterfaceOrientations_iPad = "UIInterfaceOrientationPortrait UIInterfaceOrientationPortraitUpsideDown UIInterfaceOrientationLandscapeLeft UIInterfaceOrientationLandscapeRight";
				INFOPLIST_KEY_UISupportedInterfaceOrientations_iPhone = "UIInterfaceOrientationPortrait UIInterfaceOrientationLandscapeLeft UIInterfaceOrientationLandscapeRight";
				LD_RUNPATH_SEARCH_PATHS = (
					"$(inherited)",
					"@executable_path/Frameworks",
				);
				MARKETING_VERSION = 1.0;
				PRODUCT_BUNDLE_IDENTIFIER = "com.submission.restaurant-clean-architecture";
				PRODUCT_NAME = "$(TARGET_NAME)";
				SWIFT_EMIT_LOC_STRINGS = YES;
				SWIFT_VERSION = 5.0;
				TARGETED_DEVICE_FAMILY = "1,2";
			};
			name = Release;
		};
/* End XCBuildConfiguration section */

/* Begin XCConfigurationList section */
		0639CAC52AD6F68200EE8CBF /* Build configuration list for PBXNativeTarget "restaurant clean architectureTests" */ = {
			isa = XCConfigurationList;
			buildConfigurations = (
				0639CAC62AD6F68200EE8CBF /* Debug */,
				0639CAC72AD6F68200EE8CBF /* Release */,
			);
			defaultConfigurationIsVisible = 0;
			defaultConfigurationName = Release;
		};
		0669A6E52ACAF5F7006D2C18 /* Build configuration list for PBXProject "restaurant clean architecture" */ = {
			isa = XCConfigurationList;
			buildConfigurations = (
				0669A6F62ACAF5F8006D2C18 /* Debug */,
				0669A6F72ACAF5F8006D2C18 /* Release */,
			);
			defaultConfigurationIsVisible = 0;
			defaultConfigurationName = Release;
		};
		0669A6F82ACAF5F8006D2C18 /* Build configuration list for PBXNativeTarget "restaurant clean architecture" */ = {
			isa = XCConfigurationList;
			buildConfigurations = (
				0669A6F92ACAF5F8006D2C18 /* Debug */,
				0669A6FA2ACAF5F8006D2C18 /* Release */,
			);
			defaultConfigurationIsVisible = 0;
			defaultConfigurationName = Release;
		};
/* End XCConfigurationList section */

/* Begin XCRemoteSwiftPackageReference section */
		0669A7002ACAFB26006D2C18 /* XCRemoteSwiftPackageReference "Alamofire" */ = {
			isa = XCRemoteSwiftPackageReference;
			repositoryURL = "https://github.com/Alamofire/Alamofire";
			requirement = {
				kind = upToNextMajorVersion;
				minimumVersion = 5.0.0;
			};
		};
		0669A7032ACB002E006D2C18 /* XCRemoteSwiftPackageReference "realm-swift" */ = {
			isa = XCRemoteSwiftPackageReference;
			repositoryURL = "https://github.com/realm/realm-swift";
			requirement = {
				branch = master;
				kind = branch;
			};
		};
/* End XCRemoteSwiftPackageReference section */

/* Begin XCSwiftPackageProductDependency section */
		0669A7012ACAFB26006D2C18 /* Alamofire */ = {
			isa = XCSwiftPackageProductDependency;
			package = 0669A7002ACAFB26006D2C18 /* XCRemoteSwiftPackageReference "Alamofire" */;
			productName = Alamofire;
		};
		0669A7042ACB002E006D2C18 /* Realm */ = {
			isa = XCSwiftPackageProductDependency;
			package = 0669A7032ACB002E006D2C18 /* XCRemoteSwiftPackageReference "realm-swift" */;
			productName = Realm;
		};
		0669A7062ACB002E006D2C18 /* RealmSwift */ = {
			isa = XCSwiftPackageProductDependency;
			package = 0669A7032ACB002E006D2C18 /* XCRemoteSwiftPackageReference "realm-swift" */;
			productName = RealmSwift;
		};
/* End XCSwiftPackageProductDependency section */
	};
	rootObject = 0669A6E22ACAF5F7006D2C18 /* Project object */;
}
